
Microsoft Visual Studio Solution File, Format Version 12.00
Project("{FAE04EC0-301F-11D3-BF4B-00C04F79EFBC}") = "Core", "Core\Core.csproj", "{5C3D59F0-F2D4-4027-A860-4219F8F2EF6B}"
EndProject
Project("{FAE04EC0-301F-11D3-BF4B-00C04F79EFBC}") = "Data", "Data\Data.csproj", "{83AC6177-FF35-49B7-B4C9-F06614486FFD}"
EndProject
Project("{FAE04EC0-301F-11D3-BF4B-00C04F79EFBC}") = "Test", "Test\Test.csproj", "{3139CB48-75B9-4921-8955-CAB9801C2DA3}"
EndProject
Project("{FAE04EC0-301F-11D3-BF4B-00C04F79EFBC}") = "GUI", "GUI\GUI.csproj", "{CEBD97E5-9895-44D2-9505-D55E2A3D9F09}"
EndProject
Global
	GlobalSection(SolutionConfigurationPlatforms) = preSolution
		Debug|Any CPU = Debug|Any CPU
		Release|Any CPU = Release|Any CPU
	EndGlobalSection
	GlobalSection(ProjectConfigurationPlatforms) = postSolution
		{5C3D59F0-F2D4-4027-A860-4219F8F2EF6B}.Debug|Any CPU.ActiveCfg = Debug|Any CPU
		{5C3D59F0-F2D4-4027-A860-4219F8F2EF6B}.Debug|Any CPU.Build.0 = Debug|Any CPU
		{5C3D59F0-F2D4-4027-A860-4219F8F2EF6B}.Release|Any CPU.ActiveCfg = Release|Any CPU
		{5C3D59F0-F2D4-4027-A860-4219F8F2EF6B}.Release|Any CPU.Build.0 = Release|Any CPU
		{83AC6177-FF35-49B7-B4C9-F06614486FFD}.Debug|Any CPU.ActiveCfg = Debug|Any CPU
		{83AC6177-FF35-49B7-B4C9-F06614486FFD}.Debug|Any CPU.Build.0 = Debug|Any CPU
		{83AC6177-FF35-49B7-B4C9-F06614486FFD}.Release|Any CPU.ActiveCfg = Release|Any CPU
		{83AC6177-FF35-49B7-B4C9-F06614486FFD}.Release|Any CPU.Build.0 = Release|Any CPU
		{3139CB48-75B9-4921-8955-CAB9801C2DA3}.Debug|Any CPU.ActiveCfg = Debug|Any CPU
		{3139CB48-75B9-4921-8955-CAB9801C2DA3}.Debug|Any CPU.Build.0 = Debug|Any CPU
		{3139CB48-75B9-4921-8955-CAB9801C2DA3}.Release|Any CPU.ActiveCfg = Release|Any CPU
		{3139CB48-75B9-4921-8955-CAB9801C2DA3}.Release|Any CPU.Build.0 = Release|Any CPU
		{CEBD97E5-9895-44D2-9505-D55E2A3D9F09}.Debug|Any CPU.ActiveCfg = Debug|Any CPU
		{CEBD97E5-9895-44D2-9505-D55E2A3D9F09}.Debug|Any CPU.Build.0 = Debug|Any CPU
		{CEBD97E5-9895-44D2-9505-D55E2A3D9F09}.Release|Any CPU.ActiveCfg = Release|Any CPU
		{CEBD97E5-9895-44D2-9505-D55E2A3D9F09}.Release|Any CPU.Build.0 = Release|Any CPU
	EndGlobalSection
EndGlobal
