Microsoft Visual Studio Solution File, Format Version 12.00
# Visual Studio Version 17
VisualStudioVersion = 17.13.35825.156
MinimumVisualStudioVersion = 10.0.40219.1
Project("{FAE04EC0-301F-11D3-BF4B-00C04F79EFBC}") = "AI_Interface", "AI_Interface\AI_Interface.csproj", "{548C38B5-28BD-4539-9C9C-FA1BEF11D1DF}"
EndProject
Global
	GlobalSection(SolutionConfigurationPlatforms) = preSolution
		Debug|Any CPU = Debug|Any CPU
		Release|Any CPU = Release|Any CPU
	EndGlobalSection
	GlobalSection(ProjectConfigurationPlatforms) = postSolution
		{548C38B5-28BD-4539-9C9C-FA1BEF11D1DF}.Debug|Any CPU.ActiveCfg = Debug|Any CPU
		{548C38B5-28BD-4539-9C9C-FA1BEF11D1DF}.Debug|Any CPU.Build.0 = Debug|Any CPU
		{548C38B5-28BD-4539-9C9C-FA1BEF11D1DF}.Release|Any CPU.ActiveCfg = Release|Any CPU
		{548C38B5-28BD-4539-9C9C-FA1BEF11D1DF}.Release|Any CPU.Build.0 = Release|Any CPU
	EndGlobalSection
	GlobalSection(SolutionProperties) = preSolution
		HideSolutionNode = FALSE
	EndGlobalSection
	GlobalSection(ExtensibilityGlobals) = postSolution
		SolutionGuid = {5BE73C25-8570-4838-BA60-A3808BDC91B0}
	EndGlobalSection
EndGlobal
